
Microsoft Visual Studio Solution File, Format Version 12.00
# Visual Studio Version 16
VisualStudioVersion = 16.0.30907.101
MinimumVisualStudioVersion = 10.0.40219.1
Project("{FAE04EC0-301F-11D3-BF4B-00C04F79EFBC}") = "BuilderDemo", "BuilderDemo\BuilderDemo.csproj", "{DD85C677-9AF7-4ACA-858F-5424EC7B8AFD}"
EndProject
Global
	GlobalSection(SolutionConfigurationPlatforms) = preSolution
		Debug|Any CPU = Debug|Any CPU
		Release|Any CPU = Release|Any CPU
	EndGlobalSection
	GlobalSection(ProjectConfigurationPlatforms) = postSolution
		{DD85C677-9AF7-4ACA-858F-5424EC7B8AFD}.Debug|Any CPU.ActiveCfg = Debug|Any CPU
		{DD85C677-9AF7-4ACA-858F-5424EC7B8AFD}.Debug|Any CPU.Build.0 = Debug|Any CPU
		{DD85C677-9AF7-4ACA-858F-5424EC7B8AFD}.Release|Any CPU.ActiveCfg = Release|Any CPU
		{DD85C677-9AF7-4ACA-858F-5424EC7B8AFD}.Release|Any CPU.Build.0 = Release|Any CPU
	EndGlobalSection
	GlobalSection(SolutionProperties) = preSolution
		HideSolutionNode = FALSE
	EndGlobalSection
	GlobalSection(ExtensibilityGlobals) = postSolution
		SolutionGuid = {848E271F-0D62-4E67-966D-D3B220FA2428}
	EndGlobalSection
EndGlobal
